
Microsoft Visual Studio Solution File, Format Version 12.00
# Visual Studio Version 17
VisualStudioVersion = 17.3.32901.215
MinimumVisualStudioVersion = 10.0.40219.1
Project("{FAE04EC0-301F-11D3-BF4B-00C04F79EFBC}") = "DairyCenter", "DairyCenter.csproj", "{71408402-45B6-4C06-9A89-36A88F0A4D7D}"
EndProject
Global
	GlobalSection(SolutionConfigurationPlatforms) = preSolution
		Debug|Any CPU = Debug|Any CPU
		Release|Any CPU = Release|Any CPU
	EndGlobalSection
	GlobalSection(ProjectConfigurationPlatforms) = postSolution
		{71408402-45B6-4C06-9A89-36A88F0A4D7D}.Debug|Any CPU.ActiveCfg = Debug|Any CPU
		{71408402-45B6-4C06-9A89-36A88F0A4D7D}.Debug|Any CPU.Build.0 = Debug|Any CPU
		{71408402-45B6-4C06-9A89-36A88F0A4D7D}.Release|Any CPU.ActiveCfg = Release|Any CPU
		{71408402-45B6-4C06-9A89-36A88F0A4D7D}.Release|Any CPU.Build.0 = Release|Any CPU
	EndGlobalSection
	GlobalSection(SolutionProperties) = preSolution
		HideSolutionNode = FALSE
	EndGlobalSection
	GlobalSection(ExtensibilityGlobals) = postSolution
		SolutionGuid = {533D5D30-355F-4C3B-9CB9-FCB43553CC63}
	EndGlobalSection
EndGlobal
